// !$*UTF8*$!
{
	archiveVersion = 1;
	classes = {
	};
	objectVersion = 46;
	objects = {

/* Begin PBXBuildFile section */
		D922E27A1BFCE4E400758703 /* PlayingState.cpp in Sources */ = {isa = PBXBuildFile; fileRef = D922E2781BFCE4E400758703 /* PlayingState.cpp */; };
		D942A6E81BFB333200CCBBA9 /* Button.cpp in Sources */ = {isa = PBXBuildFile; fileRef = D942A6E61BFB333200CCBBA9 /* Button.cpp */; };
		D94A7C551BF9C96B00F4615C /* GameState.cpp in Sources */ = {isa = PBXBuildFile; fileRef = D94A7C531BF9C96B00F4615C /* GameState.cpp */; };
		D94A7C5A1BF9CAE200F4615C /* CoreGame.cpp in Sources */ = {isa = PBXBuildFile; fileRef = D94A7C581BF9CAE200F4615C /* CoreGame.cpp */; };
		D9A26A2D1BFA1066006ADA2F /* MenuState.cpp in Sources */ = {isa = PBXBuildFile; fileRef = D9A26A2B1BFA1066006ADA2F /* MenuState.cpp */; };
		D9B77C8C1BF9C6EB00F6F3B6 /* ResourcePath.mm in Sources */ = {isa = PBXBuildFile; fileRef = D9B77C8B1BF9C6EB00F6F3B6 /* ResourcePath.mm */; };
		D9B77C8F1BF9C6EB00F6F3B6 /* main.cpp in Sources */ = {isa = PBXBuildFile; fileRef = D9B77C8E1BF9C6EB00F6F3B6 /* main.cpp */; };
		D9B77C961BF9C6EB00F6F3B6 /* sansation.ttf in Resources */ = {isa = PBXBuildFile; fileRef = D9B77C951BF9C6EB00F6F3B6 /* sansation.ttf */; };
		D9FC0EC11BFD66850042887A /* Board.cpp in Sources */ = {isa = PBXBuildFile; fileRef = D9FC0EBF1BFD66850042887A /* Board.cpp */; };
		D9FC0EC51BFD67430042887A /* Chess.cpp in Sources */ = {isa = PBXBuildFile; fileRef = D9FC0EC31BFD67430042887A /* Chess.cpp */; };
/* End PBXBuildFile section */

/* Begin PBXFileReference section */
		D922E2781BFCE4E400758703 /* PlayingState.cpp */ = {isa = PBXFileReference; fileEncoding = 4; lastKnownFileType = sourcecode.cpp.cpp; path = PlayingState.cpp; sourceTree = "<group>"; };
		D922E2791BFCE4E400758703 /* PlayingState.hpp */ = {isa = PBXFileReference; fileEncoding = 4; lastKnownFileType = sourcecode.cpp.h; path = PlayingState.hpp; sourceTree = "<group>"; };
		D942A6E61BFB333200CCBBA9 /* Button.cpp */ = {isa = PBXFileReference; fileEncoding = 4; lastKnownFileType = sourcecode.cpp.cpp; path = Button.cpp; sourceTree = "<group>"; };
		D942A6E71BFB333200CCBBA9 /* Button.hpp */ = {isa = PBXFileReference; fileEncoding = 4; lastKnownFileType = sourcecode.cpp.h; path = Button.hpp; sourceTree = "<group>"; };
		D94A7C531BF9C96B00F4615C /* GameState.cpp */ = {isa = PBXFileReference; fileEncoding = 4; lastKnownFileType = sourcecode.cpp.cpp; name = GameState.cpp; path = Reversi/GameState.cpp; sourceTree = "<group>"; };
		D94A7C541BF9C96B00F4615C /* GameState.hpp */ = {isa = PBXFileReference; fileEncoding = 4; lastKnownFileType = sourcecode.cpp.h; name = GameState.hpp; path = Reversi/GameState.hpp; sourceTree = "<group>"; };
		D94A7C581BF9CAE200F4615C /* CoreGame.cpp */ = {isa = PBXFileReference; fileEncoding = 4; lastKnownFileType = sourcecode.cpp.cpp; path = CoreGame.cpp; sourceTree = "<group>"; };
		D94A7C591BF9CAE200F4615C /* CoreGame.hpp */ = {isa = PBXFileReference; fileEncoding = 4; lastKnownFileType = sourcecode.cpp.h; path = CoreGame.hpp; sourceTree = "<group>"; };
		D9A26A2B1BFA1066006ADA2F /* MenuState.cpp */ = {isa = PBXFileReference; fileEncoding = 4; lastKnownFileType = sourcecode.cpp.cpp; path = MenuState.cpp; sourceTree = "<group>"; };
		D9A26A2C1BFA1066006ADA2F /* MenuState.hpp */ = {isa = PBXFileReference; fileEncoding = 4; lastKnownFileType = sourcecode.cpp.h; path = MenuState.hpp; sourceTree = "<group>"; };
		D9B77C861BF9C6EB00F6F3B6 /* Reversi.app */ = {isa = PBXFileReference; explicitFileType = wrapper.application; includeInIndex = 0; path = Reversi.app; sourceTree = BUILT_PRODUCTS_DIR; };
		D9B77C8A1BF9C6EB00F6F3B6 /* Reversi-Info.plist */ = {isa = PBXFileReference; lastKnownFileType = text.plist.xml; path = "Reversi-Info.plist"; sourceTree = "<group>"; };
		D9B77C8B1BF9C6EB00F6F3B6 /* ResourcePath.mm */ = {isa = PBXFileReference; lastKnownFileType = sourcecode.cpp.objcpp; path = ResourcePath.mm; sourceTree = "<group>"; };
		D9B77C8D1BF9C6EB00F6F3B6 /* ResourcePath.hpp */ = {isa = PBXFileReference; lastKnownFileType = sourcecode.cpp.h; path = ResourcePath.hpp; sourceTree = "<group>"; };
		D9B77C8E1BF9C6EB00F6F3B6 /* main.cpp */ = {isa = PBXFileReference; lastKnownFileType = sourcecode.cpp.cpp; path = main.cpp; sourceTree = "<group>"; };
		D9B77C951BF9C6EB00F6F3B6 /* sansation.ttf */ = {isa = PBXFileReference; lastKnownFileType = file; path = sansation.ttf; sourceTree = "<group>"; };
		D9FC0EBF1BFD66850042887A /* Board.cpp */ = {isa = PBXFileReference; fileEncoding = 4; lastKnownFileType = sourcecode.cpp.cpp; name = Board.cpp; path = ../Board.cpp; sourceTree = "<group>"; };
		D9FC0EC01BFD66850042887A /* Board.hpp */ = {isa = PBXFileReference; fileEncoding = 4; lastKnownFileType = sourcecode.cpp.h; name = Board.hpp; path = ../Board.hpp; sourceTree = "<group>"; };
		D9FC0EC31BFD67430042887A /* Chess.cpp */ = {isa = PBXFileReference; fileEncoding = 4; lastKnownFileType = sourcecode.cpp.cpp; path = Chess.cpp; sourceTree = "<group>"; };
		D9FC0EC41BFD67430042887A /* Chess.hpp */ = {isa = PBXFileReference; fileEncoding = 4; lastKnownFileType = sourcecode.cpp.h; path = Chess.hpp; sourceTree = "<group>"; };
/* End PBXFileReference section */

/* Begin PBXFrameworksBuildPhase section */
		D9B77C821BF9C6EB00F6F3B6 /* Frameworks */ = {
			isa = PBXFrameworksBuildPhase;
			buildActionMask = 2147483647;
			files = (
			);
			runOnlyForDeploymentPostprocessing = 0;
		};
/* End PBXFrameworksBuildPhase section */

/* Begin PBXGroup section */
		D942A6E51BFB331900CCBBA9 /* GUI */ = {
			isa = PBXGroup;
			children = (
				D942A6E61BFB333200CCBBA9 /* Button.cpp */,
				D942A6E71BFB333200CCBBA9 /* Button.hpp */,
			);
			name = GUI;
			sourceTree = "<group>";
		};
		D94A7C561BF9C97300F4615C /* GameStates */ = {
			isa = PBXGroup;
			children = (
				D94A7C531BF9C96B00F4615C /* GameState.cpp */,
				D94A7C541BF9C96B00F4615C /* GameState.hpp */,
				D9A26A2B1BFA1066006ADA2F /* MenuState.cpp */,
				D9A26A2C1BFA1066006ADA2F /* MenuState.hpp */,
				D922E2781BFCE4E400758703 /* PlayingState.cpp */,
				D922E2791BFCE4E400758703 /* PlayingState.hpp */,
			);
			name = GameStates;
			path = ..;
			sourceTree = "<group>";
		};
		D94A7C571BF9CACE00F4615C /* ResourcePath */ = {
			isa = PBXGroup;
			children = (
				D9B77C8B1BF9C6EB00F6F3B6 /* ResourcePath.mm */,
				D9B77C8D1BF9C6EB00F6F3B6 /* ResourcePath.hpp */,
			);
			name = ResourcePath;
			sourceTree = "<group>";
		};
		D9B77C7C1BF9C6EB00F6F3B6 = {
			isa = PBXGroup;
			children = (
				D9B77C881BF9C6EB00F6F3B6 /* Reversi */,
				D9B77C871BF9C6EB00F6F3B6 /* Products */,
			);
			sourceTree = "<group>";
		};
		D9B77C871BF9C6EB00F6F3B6 /* Products */ = {
			isa = PBXGroup;
			children = (
				D9B77C861BF9C6EB00F6F3B6 /* Reversi.app */,
			);
			name = Products;
			sourceTree = "<group>";
		};
		D9B77C881BF9C6EB00F6F3B6 /* Reversi */ = {
			isa = PBXGroup;
			children = (
				D9FC0EC21BFD668E0042887A /* Board and Chess */,
				D94A7C571BF9CACE00F4615C /* ResourcePath */,
				D94A7C561BF9C97300F4615C /* GameStates */,
				D9B77C8E1BF9C6EB00F6F3B6 /* main.cpp */,
				D94A7C581BF9CAE200F4615C /* CoreGame.cpp */,
				D94A7C591BF9CAE200F4615C /* CoreGame.hpp */,
				D942A6E51BFB331900CCBBA9 /* GUI */,
				D9B77C901BF9C6EB00F6F3B6 /* Resources */,
				D9B77C891BF9C6EB00F6F3B6 /* Supporting Files */,
			);
			path = Reversi;
			sourceTree = "<group>";
		};
		D9B77C891BF9C6EB00F6F3B6 /* Supporting Files */ = {
			isa = PBXGroup;
			children = (
				D9B77C8A1BF9C6EB00F6F3B6 /* Reversi-Info.plist */,
			);
			name = "Supporting Files";
			sourceTree = "<group>";
		};
		D9B77C901BF9C6EB00F6F3B6 /* Resources */ = {
			isa = PBXGroup;
			children = (
				D9B77C951BF9C6EB00F6F3B6 /* sansation.ttf */,
			);
			name = Resources;
			sourceTree = "<group>";
		};
		D9FC0EC21BFD668E0042887A /* Board and Chess */ = {
			isa = PBXGroup;
			children = (
				D9FC0EBF1BFD66850042887A /* Board.cpp */,
				D9FC0EC01BFD66850042887A /* Board.hpp */,
				D9FC0EC31BFD67430042887A /* Chess.cpp */,
				D9FC0EC41BFD67430042887A /* Chess.hpp */,
			);
			name = "Board and Chess";
			sourceTree = "<group>";
		};
/* End PBXGroup section */

/* Begin PBXNativeTarget section */
		D9B77C851BF9C6EB00F6F3B6 /* Reversi */ = {
			isa = PBXNativeTarget;
			buildConfigurationList = D9B77C9B1BF9C6EB00F6F3B6 /* Build configuration list for PBXNativeTarget "Reversi" */;
			buildPhases = (
				D9B77C811BF9C6EB00F6F3B6 /* Sources */,
				D9B77C821BF9C6EB00F6F3B6 /* Frameworks */,
				D9B77C831BF9C6EB00F6F3B6 /* Resources */,
				D9B77C841BF9C6EB00F6F3B6 /* ShellScript */,
			);
			buildRules = (
			);
			dependencies = (
			);
			name = Reversi;
			productName = Reversi;
			productReference = D9B77C861BF9C6EB00F6F3B6 /* Reversi.app */;
			productType = "com.apple.product-type.application";
		};
/* End PBXNativeTarget section */

/* Begin PBXProject section */
		D9B77C7D1BF9C6EB00F6F3B6 /* Project object */ = {
			isa = PBXProject;
			attributes = {
				LastUpgradeCheck = 0710;
				ORGANIZATIONNAME = "Darkness Left";
				TargetAttributes = {
					D9B77C851BF9C6EB00F6F3B6 = {
						CreatedOnToolsVersion = 7.1.1;
					};
				};
			};
			buildConfigurationList = D9B77C801BF9C6EB00F6F3B6 /* Build configuration list for PBXProject "Reversi" */;
			compatibilityVersion = "Xcode 3.2";
			developmentRegion = English;
			hasScannedForEncodings = 0;
			knownRegions = (
				en,
			);
			mainGroup = D9B77C7C1BF9C6EB00F6F3B6;
			productRefGroup = D9B77C871BF9C6EB00F6F3B6 /* Products */;
			projectDirPath = "";
			projectRoot = "";
			targets = (
				D9B77C851BF9C6EB00F6F3B6 /* Reversi */,
			);
		};
/* End PBXProject section */

/* Begin PBXResourcesBuildPhase section */
		D9B77C831BF9C6EB00F6F3B6 /* Resources */ = {
			isa = PBXResourcesBuildPhase;
			buildActionMask = 2147483647;
			files = (
				D9B77C961BF9C6EB00F6F3B6 /* sansation.ttf in Resources */,
			);
			runOnlyForDeploymentPostprocessing = 0;
		};
/* End PBXResourcesBuildPhase section */

/* Begin PBXShellScriptBuildPhase section */
		D9B77C841BF9C6EB00F6F3B6 /* ShellScript */ = {
			isa = PBXShellScriptBuildPhase;
			buildActionMask = 2147483647;
			files = (
			);
			inputPaths = (
			);
			outputPaths = (
			);
			runOnlyForDeploymentPostprocessing = 0;
			shellPath = /bin/sh;
			shellScript = "# This shell script simply copies required SFML dylibs/frameworks into the application bundle frameworks folder.\n# If you're using static libraries (which is not recommended) you should remove this script from your project.\n\n# SETTINGS\nCMAKE_INSTALL_FRAMEWORK_PREFIX=\"/Library/Frameworks\"\nCMAKE_INSTALL_LIB_PREFIX=\"/usr/local/lib\"\nFRAMEWORKS_FULL_PATH=\"$BUILT_PRODUCTS_DIR/$FRAMEWORKS_FOLDER_PATH/\"\n\n# Are we building a project that uses frameworks or dylibs?\ncase \"$SFML_BINARY_TYPE\" in\n    DYLIBS)\n        frameworks=\"false\"\n        ;;\n    *)\n        frameworks=\"true\"\n        ;;\nesac\n\n# Echoes to stderr\nerror () # $* message to display\n{\n    echo $* 1>&2\n    exit 2\n}\n\nassert () # $1 is a boolean, $2...N is an error message\n{\n    if [ $# -lt 2 ]\n    then\n        error \"Internal error in assert: not enough args\"\n    fi\n\n    if [ $1 -ne 0 ]\n    then\n        shift\n        error \"$*\"\n    fi\n}\n\nforce_remove () # $@ is some paths\n{\n    test $# -ge 1\n    assert $? \"force_remove() requires at least one parameter\"\n    rm -fr $@\n    assert $? \"couldn't remove $@\"\n}\n\ncopy () # $1 is a source, $2 is a destination\n{\n    test $# -eq 2\n    assert $? \"copy() requires two parameters\"\n    ditto \"$1\" \"$2\"\n    assert $? \"couldn't copy $1 to $2\"\n}\n\nrequire () # $1 is a SFML module like 'system' or 'audio'\n{\n    dest=\"$BUILT_PRODUCTS_DIR/$FRAMEWORKS_FOLDER_PATH/\"\n\n    if [ -z \"$1\" ]\n    then\n        error \"require() requires one parameter!\"\n    else\n        # clean potentially old stuff\n        force_remove \"$dest/libsfml-$1\"*\n        force_remove \"$dest/sfml-$1.framework\"\n\n        # copy SFML libraries\n        if [ \"$frameworks\" = \"true\" ]\n        then\n            source=\"$CMAKE_INSTALL_FRAMEWORK_PREFIX/sfml-$1.framework\"\n            target=\"sfml-$1.framework\"\n        elif [ \"$SFML_LINK_DYLIBS_SUFFIX\" = \"-d\" ]\n        then\n            source=\"$CMAKE_INSTALL_LIB_PREFIX/libsfml-$1-d.dylib\"\n            target=\"`readlink $source`\"\n        else\n            source=\"$CMAKE_INSTALL_LIB_PREFIX/libsfml-$1.dylib\"\n            target=\"`readlink $source`\"\n        fi\n\n        copy \"$source\" \"$dest/$target\"\n\n        # copy extra dependencies\n        if [ \"$1\" = \"audio\" ]\n        then\n            # copy \"FLAC\" \"ogg\" \"vorbis\" \"vorbisenc\" \"vorbisfile\" \"OpenAL\" frameworks too\n            for f in \"FLAC\" \"ogg\" \"vorbis\" \"vorbisenc\" \"vorbisfile\" \"OpenAL\"\n            do\n                copy \"$CMAKE_INSTALL_FRAMEWORK_PREFIX/$f.framework\" \"$dest/$f.framework\"\n            done\n        elif [ \"$1\" = \"graphics\" ]\n        then\n            copy \"$CMAKE_INSTALL_FRAMEWORK_PREFIX/freetype.framework\" \"$dest/freetype.framework\"\n        fi\n    fi\n}\n\nif [ -n \"$SFML_SYSTEM\" ]\nthen\n    require \"system\"\nfi\n\nif [ -n \"$SFML_AUDIO\" ]\nthen\n    require \"audio\"\nfi\n\nif [ -n \"$SFML_NETWORK\" ]\nthen\n    require \"network\"\nfi\n\nif [ -n \"$SFML_WINDOW\" ]\nthen\n    require \"window\"\nfi\n\nif [ -n \"$SFML_GRAPHICS\" ]\nthen\n    require \"graphics\"\nfi\n\n                ";
		};
/* End PBXShellScriptBuildPhase section */

/* Begin PBXSourcesBuildPhase section */
		D9B77C811BF9C6EB00F6F3B6 /* Sources */ = {
			isa = PBXSourcesBuildPhase;
			buildActionMask = 2147483647;
			files = (
				D94A7C5A1BF9CAE200F4615C /* CoreGame.cpp in Sources */,
				D9B77C8F1BF9C6EB00F6F3B6 /* main.cpp in Sources */,
				D9FC0EC11BFD66850042887A /* Board.cpp in Sources */,
				D94A7C551BF9C96B00F4615C /* GameState.cpp in Sources */,
				D922E27A1BFCE4E400758703 /* PlayingState.cpp in Sources */,
				D9A26A2D1BFA1066006ADA2F /* MenuState.cpp in Sources */,
				D9B77C8C1BF9C6EB00F6F3B6 /* ResourcePath.mm in Sources */,
				D9FC0EC51BFD67430042887A /* Chess.cpp in Sources */,
				D942A6E81BFB333200CCBBA9 /* Button.cpp in Sources */,
			);
			runOnlyForDeploymentPostprocessing = 0;
		};
/* End PBXSourcesBuildPhase section */

/* Begin XCBuildConfiguration section */
		D9B77C991BF9C6EB00F6F3B6 /* Debug */ = {
			isa = XCBuildConfiguration;
			buildSettings = {
				ARCHS = (
					i386,
					x86_64,
				);
				CLANG_CXX_LANGUAGE_STANDARD = "c++0x";
				CLANG_CXX_LIBRARY = "libc++";
				FRAMEWORK_SEARCH_PATHS = (
					/Library/Frameworks/,
					"$(inherited)",
				);
				GCC_VERSION = com.apple.compilers.llvm.clang.1_0;
				HEADER_SEARCH_PATHS = (
					/usr/local/include/,
					"$(inherited)",
				);
				LIBRARY_SEARCH_PATHS = (
					/usr/local/lib/,
					"$(inherited)",
				);
				MACOSX_DEPLOYMENT_TARGET = 10.7;
				OTHER_LDFLAGS = (
					"$(inherited)",
					"$(SFML_SYSTEM)",
					"$(SFML_WINDOW)",
					"$(SFML_GRAPHICS)",
					"$(SFML_AUDIO)",
					"$(SFML_NETWORK)",
				);
				SFML_AUDIO = "$(SFML_LINK_PREFIX) sfml-audio$(SFML_LINK_SUFFIX)";
				SFML_BINARY_TYPE = FRAMEWORKS;
				SFML_GRAPHICS = "$(SFML_LINK_PREFIX) sfml-graphics$(SFML_LINK_SUFFIX)";
				SFML_LINK_DYLIBS_PREFIX = "-l";
				SFML_LINK_DYLIBS_SUFFIX = "";
				SFML_LINK_FRAMEWORKS_PREFIX = "-framework";
				SFML_LINK_FRAMEWORKS_SUFFIX = "";
				SFML_LINK_PREFIX = "$(SFML_LINK_$(SFML_BINARY_TYPE)_PREFIX)";
				SFML_LINK_SUFFIX = "$(SFML_LINK_$(SFML_BINARY_TYPE)_SUFFIX)";
				SFML_NETWORK = "$(SFML_LINK_PREFIX) sfml-network$(SFML_LINK_SUFFIX)";
				SFML_SYSTEM = "$(SFML_LINK_PREFIX) sfml-system$(SFML_LINK_SUFFIX)";
				SFML_WINDOW = "$(SFML_LINK_PREFIX) sfml-window$(SFML_LINK_SUFFIX)";
				SUPPORTED_PLATFORMS = macosx;
			};
			name = Debug;
		};
		D9B77C9A1BF9C6EB00F6F3B6 /* Release */ = {
			isa = XCBuildConfiguration;
			buildSettings = {
				ARCHS = (
					i386,
					x86_64,
				);
				CLANG_CXX_LANGUAGE_STANDARD = "c++0x";
				CLANG_CXX_LIBRARY = "libc++";
				FRAMEWORK_SEARCH_PATHS = (
					/Library/Frameworks/,
					"$(inherited)",
				);
				GCC_VERSION = com.apple.compilers.llvm.clang.1_0;
				HEADER_SEARCH_PATHS = (
					/usr/local/include/,
					"$(inherited)",
				);
				LIBRARY_SEARCH_PATHS = (
					/usr/local/lib/,
					"$(inherited)",
				);
				MACOSX_DEPLOYMENT_TARGET = 10.7;
				OTHER_LDFLAGS = (
					"$(inherited)",
					"$(SFML_SYSTEM)",
					"$(SFML_WINDOW)",
					"$(SFML_GRAPHICS)",
					"$(SFML_AUDIO)",
					"$(SFML_NETWORK)",
				);
				SFML_AUDIO = "$(SFML_LINK_PREFIX) sfml-audio$(SFML_LINK_SUFFIX)";
				SFML_BINARY_TYPE = FRAMEWORKS;
				SFML_GRAPHICS = "$(SFML_LINK_PREFIX) sfml-graphics$(SFML_LINK_SUFFIX)";
				SFML_LINK_DYLIBS_PREFIX = "-l";
				SFML_LINK_DYLIBS_SUFFIX = "";
				SFML_LINK_FRAMEWORKS_PREFIX = "-framework";
				SFML_LINK_FRAMEWORKS_SUFFIX = "";
				SFML_LINK_PREFIX = "$(SFML_LINK_$(SFML_BINARY_TYPE)_PREFIX)";
				SFML_LINK_SUFFIX = "$(SFML_LINK_$(SFML_BINARY_TYPE)_SUFFIX)";
				SFML_NETWORK = "$(SFML_LINK_PREFIX) sfml-network$(SFML_LINK_SUFFIX)";
				SFML_SYSTEM = "$(SFML_LINK_PREFIX) sfml-system$(SFML_LINK_SUFFIX)";
				SFML_WINDOW = "$(SFML_LINK_PREFIX) sfml-window$(SFML_LINK_SUFFIX)";
				SUPPORTED_PLATFORMS = macosx;
			};
			name = Release;
		};
		D9B77C9C1BF9C6EB00F6F3B6 /* Debug */ = {
			isa = XCBuildConfiguration;
			buildSettings = {
				INFOPLIST_FILE = "Reversi/Reversi-Info.plist";
				LD_RUNPATH_SEARCH_PATHS = "@loader_path/../Frameworks";
				PRODUCT_NAME = "$(TARGET_NAME)";
			};
			name = Debug;
		};
		D9B77C9D1BF9C6EB00F6F3B6 /* Release */ = {
			isa = XCBuildConfiguration;
			buildSettings = {
				INFOPLIST_FILE = "Reversi/Reversi-Info.plist";
				LD_RUNPATH_SEARCH_PATHS = "@loader_path/../Frameworks";
				PRODUCT_NAME = "$(TARGET_NAME)";
			};
			name = Release;
		};
/* End XCBuildConfiguration section */

/* Begin XCConfigurationList section */
		D9B77C801BF9C6EB00F6F3B6 /* Build configuration list for PBXProject "Reversi" */ = {
			isa = XCConfigurationList;
			buildConfigurations = (
				D9B77C991BF9C6EB00F6F3B6 /* Debug */,
				D9B77C9A1BF9C6EB00F6F3B6 /* Release */,
			);
			defaultConfigurationIsVisible = 0;
			defaultConfigurationName = Release;
		};
		D9B77C9B1BF9C6EB00F6F3B6 /* Build configuration list for PBXNativeTarget "Reversi" */ = {
			isa = XCConfigurationList;
			buildConfigurations = (
				D9B77C9C1BF9C6EB00F6F3B6 /* Debug */,
				D9B77C9D1BF9C6EB00F6F3B6 /* Release */,
			);
			defaultConfigurationIsVisible = 0;
			defaultConfigurationName = Release;
		};
/* End XCConfigurationList section */
	};
	rootObject = D9B77C7D1BF9C6EB00F6F3B6 /* Project object */;
}
